
Microsoft Visual Studio Solution File, Format Version 12.00
# Visual Studio Version 17
VisualStudioVersion = 17.8.34511.84
MinimumVisualStudioVersion = 10.0.40219.1
Project("{FAE04EC0-301F-11D3-BF4B-00C04F79EFBC}") = "Egzamin", "Egzamin\Egzamin.csproj", "{08F96DA9-A532-46C8-864A-B81E8D907C9D}"
EndProject
Global
	GlobalSection(SolutionConfigurationPlatforms) = preSolution
		Debug|Any CPU = Debug|Any CPU
		Release|Any CPU = Release|Any CPU
	EndGlobalSection
	GlobalSection(ProjectConfigurationPlatforms) = postSolution
		{08F96DA9-A532-46C8-864A-B81E8D907C9D}.Debug|Any CPU.ActiveCfg = Debug|Any CPU
		{08F96DA9-A532-46C8-864A-B81E8D907C9D}.Debug|Any CPU.Build.0 = Debug|Any CPU
		{08F96DA9-A532-46C8-864A-B81E8D907C9D}.Release|Any CPU.ActiveCfg = Release|Any CPU
		{08F96DA9-A532-46C8-864A-B81E8D907C9D}.Release|Any CPU.Build.0 = Release|Any CPU
	EndGlobalSection
	GlobalSection(SolutionProperties) = preSolution
		HideSolutionNode = FALSE
	EndGlobalSection
	GlobalSection(ExtensibilityGlobals) = postSolution
		SolutionGuid = {121E0835-638D-4767-B6F6-8AA9172D5EAA}
	EndGlobalSection
EndGlobal
